
Microsoft Visual Studio Solution File, Format Version 12.00
# Visual Studio Version 16
VisualStudioVersion = 16.0.31729.503
MinimumVisualStudioVersion = 10.0.40219.1
Project("{FAE04EC0-301F-11D3-BF4B-00C04F79EFBC}") = "matrixMultiplication", "matrixMultiplication\matrixMultiplication.csproj", "{AD3DDAE6-9250-4F9A-951D-56D2512FDD48}"
EndProject
Global
	GlobalSection(SolutionConfigurationPlatforms) = preSolution
		Debug|Any CPU = Debug|Any CPU
		Release|Any CPU = Release|Any CPU
	EndGlobalSection
	GlobalSection(ProjectConfigurationPlatforms) = postSolution
		{AD3DDAE6-9250-4F9A-951D-56D2512FDD48}.Debug|Any CPU.ActiveCfg = Debug|Any CPU
		{AD3DDAE6-9250-4F9A-951D-56D2512FDD48}.Debug|Any CPU.Build.0 = Debug|Any CPU
		{AD3DDAE6-9250-4F9A-951D-56D2512FDD48}.Release|Any CPU.ActiveCfg = Release|Any CPU
		{AD3DDAE6-9250-4F9A-951D-56D2512FDD48}.Release|Any CPU.Build.0 = Release|Any CPU
	EndGlobalSection
	GlobalSection(SolutionProperties) = preSolution
		HideSolutionNode = FALSE
	EndGlobalSection
	GlobalSection(ExtensibilityGlobals) = postSolution
		SolutionGuid = {C36D2D44-954A-4D0D-980C-363BD19EB6F6}
	EndGlobalSection
EndGlobal
